
Microsoft Visual Studio Solution File, Format Version 12.00
# Visual Studio Version 17
VisualStudioVersion = 17.0.32014.148
MinimumVisualStudioVersion = 10.0.40219.1
Project("{9A19103F-16F7-4668-BE54-9A1E7A4F7556}") = "FixAdapter", "FixAdapter\FixAdapter.csproj", "{3064708F-44C9-40AC-8C5A-53622CC232D3}"
EndProject
Project("{9A19103F-16F7-4668-BE54-9A1E7A4F7556}") = "ThemeViewer", "ThemeViewer\ThemeViewer.csproj", "{43638AAD-5120-45DD-8332-B783FA160CCE}"
EndProject
Global
	GlobalSection(SolutionConfigurationPlatforms) = preSolution
		Debug|Any CPU = Debug|Any CPU
		Debug|x64 = Debug|x64
		Debug|x86 = Debug|x86
		Release|Any CPU = Release|Any CPU
		Release|x64 = Release|x64
		Release|x86 = Release|x86
	EndGlobalSection
	GlobalSection(ProjectConfigurationPlatforms) = postSolution
		{3064708F-44C9-40AC-8C5A-53622CC232D3}.Debug|Any CPU.ActiveCfg = Debug|Any CPU
		{3064708F-44C9-40AC-8C5A-53622CC232D3}.Debug|Any CPU.Build.0 = Debug|Any CPU
		{3064708F-44C9-40AC-8C5A-53622CC232D3}.Debug|x64.ActiveCfg = Debug|Any CPU
		{3064708F-44C9-40AC-8C5A-53622CC232D3}.Debug|x64.Build.0 = Debug|Any CPU
		{3064708F-44C9-40AC-8C5A-53622CC232D3}.Debug|x86.ActiveCfg = Debug|Any CPU
		{3064708F-44C9-40AC-8C5A-53622CC232D3}.Debug|x86.Build.0 = Debug|Any CPU
		{3064708F-44C9-40AC-8C5A-53622CC232D3}.Release|Any CPU.ActiveCfg = Release|Any CPU
		{3064708F-44C9-40AC-8C5A-53622CC232D3}.Release|Any CPU.Build.0 = Release|Any CPU
		{3064708F-44C9-40AC-8C5A-53622CC232D3}.Release|x64.ActiveCfg = Release|Any CPU
		{3064708F-44C9-40AC-8C5A-53622CC232D3}.Release|x64.Build.0 = Release|Any CPU
		{3064708F-44C9-40AC-8C5A-53622CC232D3}.Release|x86.ActiveCfg = Release|Any CPU
		{3064708F-44C9-40AC-8C5A-53622CC232D3}.Release|x86.Build.0 = Release|Any CPU
		{43638AAD-5120-45DD-8332-B783FA160CCE}.Debug|Any CPU.ActiveCfg = Debug|Any CPU
		{43638AAD-5120-45DD-8332-B783FA160CCE}.Debug|Any CPU.Build.0 = Debug|Any CPU
		{43638AAD-5120-45DD-8332-B783FA160CCE}.Debug|x64.ActiveCfg = Debug|Any CPU
		{43638AAD-5120-45DD-8332-B783FA160CCE}.Debug|x64.Build.0 = Debug|Any CPU
		{43638AAD-5120-45DD-8332-B783FA160CCE}.Debug|x86.ActiveCfg = Debug|Any CPU
		{43638AAD-5120-45DD-8332-B783FA160CCE}.Debug|x86.Build.0 = Debug|Any CPU
		{43638AAD-5120-45DD-8332-B783FA160CCE}.Release|Any CPU.ActiveCfg = Release|Any CPU
		{43638AAD-5120-45DD-8332-B783FA160CCE}.Release|Any CPU.Build.0 = Release|Any CPU
		{43638AAD-5120-45DD-8332-B783FA160CCE}.Release|x64.ActiveCfg = Release|Any CPU
		{43638AAD-5120-45DD-8332-B783FA160CCE}.Release|x64.Build.0 = Release|Any CPU
		{43638AAD-5120-45DD-8332-B783FA160CCE}.Release|x86.ActiveCfg = Release|Any CPU
		{43638AAD-5120-45DD-8332-B783FA160CCE}.Release|x86.Build.0 = Release|Any CPU
	EndGlobalSection
	GlobalSection(SolutionProperties) = preSolution
		HideSolutionNode = FALSE
	EndGlobalSection
	GlobalSection(ExtensibilityGlobals) = postSolution
		SolutionGuid = {3FACFAB3-DFA9-463B-AFE9-0E69E7E25111}
	EndGlobalSection
EndGlobal
